
Microsoft Visual Studio Solution File, Format Version 12.00
# Visual Studio Version 17
VisualStudioVersion = 17.14.36301.6 d17.14
MinimumVisualStudioVersion = 10.0.40219.1
Project("{FAE04EC0-301F-11D3-BF4B-00C04F79EFBC}") = "tetris", "tetris.csproj", "{27AD7484-7B6A-44B0-8EAD-52E84736CBEF}"
EndProject
Project("{2150E333-8FDC-42A3-9474-1A3956D46DE8}") = "Solution Items", "Solution Items", "{EBC27F01-2BB8-4B08-B358-6A5A69812427}"
	ProjectSection(SolutionItems) = preProject
		compose.yaml = compose.yaml
	EndProjectSection
EndProject
Global
	GlobalSection(SolutionConfigurationPlatforms) = preSolution
		Debug|Any CPU = Debug|Any CPU
		Release|Any CPU = Release|Any CPU
	EndGlobalSection
	GlobalSection(ProjectConfigurationPlatforms) = postSolution
		{27AD7484-7B6A-44B0-8EAD-52E84736CBEF}.Debug|Any CPU.ActiveCfg = Debug|Any CPU
		{27AD7484-7B6A-44B0-8EAD-52E84736CBEF}.Debug|Any CPU.Build.0 = Debug|Any CPU
		{27AD7484-7B6A-44B0-8EAD-52E84736CBEF}.Release|Any CPU.ActiveCfg = Release|Any CPU
		{27AD7484-7B6A-44B0-8EAD-52E84736CBEF}.Release|Any CPU.Build.0 = Release|Any CPU
	EndGlobalSection
	GlobalSection(SolutionProperties) = preSolution
		HideSolutionNode = FALSE
	EndGlobalSection
	GlobalSection(ExtensibilityGlobals) = postSolution
		SolutionGuid = {54ACFE91-939E-4626-9D54-916229CC5908}
	EndGlobalSection
EndGlobal
